
Microsoft Visual Studio Solution File, Format Version 12.00
# Visual Studio Version 17
VisualStudioVersion = 17.1.32328.378
MinimumVisualStudioVersion = 10.0.40219.1
Project("{FAE04EC0-301F-11D3-BF4B-00C04F79EFBC}") = "Bookify.web", "Bookify.web\Bookify.web.csproj", "{D688EB41-CC2D-49D5-8BDF-D7E4A194F049}"
EndProject
Global
	GlobalSection(SolutionConfigurationPlatforms) = preSolution
		Debug|Any CPU = Debug|Any CPU
		Release|Any CPU = Release|Any CPU
	EndGlobalSection
	GlobalSection(ProjectConfigurationPlatforms) = postSolution
		{D688EB41-CC2D-49D5-8BDF-D7E4A194F049}.Debug|Any CPU.ActiveCfg = Debug|Any CPU
		{D688EB41-CC2D-49D5-8BDF-D7E4A194F049}.Debug|Any CPU.Build.0 = Debug|Any CPU
		{D688EB41-CC2D-49D5-8BDF-D7E4A194F049}.Release|Any CPU.ActiveCfg = Release|Any CPU
		{D688EB41-CC2D-49D5-8BDF-D7E4A194F049}.Release|Any CPU.Build.0 = Release|Any CPU
	EndGlobalSection
	GlobalSection(SolutionProperties) = preSolution
		HideSolutionNode = FALSE
	EndGlobalSection
	GlobalSection(ExtensibilityGlobals) = postSolution
		SolutionGuid = {DDE902B7-1C22-4A88-BBAF-161A94E3FE22}
	EndGlobalSection
EndGlobal
